// !$*UTF8*$!
{
	archiveVersion = 1;
	classes = {
	};
	objectVersion = 54;
	objects = {

/* Begin PBXBuildFile section */
		854295082431839800A269DD /* AppDelegate.swift in Sources */ = {isa = PBXBuildFile; fileRef = 854295072431839800A269DD /* AppDelegate.swift */; };
		8542950A2431839800A269DD /* SceneDelegate.swift in Sources */ = {isa = PBXBuildFile; fileRef = 854295092431839800A269DD /* SceneDelegate.swift */; };
		8542950C2431839800A269DD /* ContentView.swift in Sources */ = {isa = PBXBuildFile; fileRef = 8542950B2431839800A269DD /* ContentView.swift */; };
		8542950E2431839E00A269DD /* Assets.xcassets in Resources */ = {isa = PBXBuildFile; fileRef = 8542950D2431839E00A269DD /* Assets.xcassets */; };
		854295112431839E00A269DD /* Preview Assets.xcassets in Resources */ = {isa = PBXBuildFile; fileRef = 854295102431839E00A269DD /* Preview Assets.xcassets */; };
		854295142431839E00A269DD /* LaunchScreen.storyboard in Resources */ = {isa = PBXBuildFile; fileRef = 854295122431839E00A269DD /* LaunchScreen.storyboard */; };
		8542951F2431844800A269DD /* Repository.swift in Sources */ = {isa = PBXBuildFile; fileRef = 8542951E2431844800A269DD /* Repository.swift */; };
		8542952524318AE300A269DD /* Parser.swift in Sources */ = {isa = PBXBuildFile; fileRef = 8542952424318AE300A269DD /* Parser.swift */; };
		8542952824318B3C00A269DD /* ViewModel.swift in Sources */ = {isa = PBXBuildFile; fileRef = 8542952724318B3C00A269DD /* ViewModel.swift */; };
		8542952A24318C9B00A269DD /* RepositoryRow.swift in Sources */ = {isa = PBXBuildFile; fileRef = 8542952924318C9B00A269DD /* RepositoryRow.swift */; };
		8542952C24318CA400A269DD /* RepositoryDetail.swift in Sources */ = {isa = PBXBuildFile; fileRef = 8542952B24318CA400A269DD /* RepositoryDetail.swift */; };
		A2E5E4C22D632D7E00DD4CE5 /* Alamofire in Frameworks */ = {isa = PBXBuildFile; productRef = A2E5E4C12D632D7E00DD4CE5 /* Alamofire */; };
		A2E5E4C42D632D7E00DD4CE5 /* AlamofireDynamic in Frameworks */ = {isa = PBXBuildFile; productRef = A2E5E4C32D632D7E00DD4CE5 /* AlamofireDynamic */; };
/* End PBXBuildFile section */

/* Begin PBXFileReference section */
		854295042431839800A269DD /* SwiftRepos.app */ = {isa = PBXFileReference; explicitFileType = wrapper.application; includeInIndex = 0; path = SwiftRepos.app; sourceTree = BUILT_PRODUCTS_DIR; };
		854295072431839800A269DD /* AppDelegate.swift */ = {isa = PBXFileReference; lastKnownFileType = sourcecode.swift; path = AppDelegate.swift; sourceTree = "<group>"; };
		854295092431839800A269DD /* SceneDelegate.swift */ = {isa = PBXFileReference; lastKnownFileType = sourcecode.swift; path = SceneDelegate.swift; sourceTree = "<group>"; };
		8542950B2431839800A269DD /* ContentView.swift */ = {isa = PBXFileReference; lastKnownFileType = sourcecode.swift; path = ContentView.swift; sourceTree = "<group>"; };
		8542950D2431839E00A269DD /* Assets.xcassets */ = {isa = PBXFileReference; lastKnownFileType = folder.assetcatalog; path = Assets.xcassets; sourceTree = "<group>"; };
		854295102431839E00A269DD /* Preview Assets.xcassets */ = {isa = PBXFileReference; lastKnownFileType = folder.assetcatalog; path = "Preview Assets.xcassets"; sourceTree = "<group>"; };
		854295132431839E00A269DD /* Base */ = {isa = PBXFileReference; lastKnownFileType = file.storyboard; name = Base; path = Base.lproj/LaunchScreen.storyboard; sourceTree = "<group>"; };
		854295152431839E00A269DD /* Info.plist */ = {isa = PBXFileReference; lastKnownFileType = text.plist.xml; path = Info.plist; sourceTree = "<group>"; };
		8542951E2431844800A269DD /* Repository.swift */ = {isa = PBXFileReference; lastKnownFileType = sourcecode.swift; path = Repository.swift; sourceTree = "<group>"; };
		8542952424318AE300A269DD /* Parser.swift */ = {isa = PBXFileReference; lastKnownFileType = sourcecode.swift; path = Parser.swift; sourceTree = "<group>"; };
		8542952724318B3C00A269DD /* ViewModel.swift */ = {isa = PBXFileReference; lastKnownFileType = sourcecode.swift; path = ViewModel.swift; sourceTree = "<group>"; };
		8542952924318C9B00A269DD /* RepositoryRow.swift */ = {isa = PBXFileReference; lastKnownFileType = sourcecode.swift; path = RepositoryRow.swift; sourceTree = "<group>"; };
		8542952B24318CA400A269DD /* RepositoryDetail.swift */ = {isa = PBXFileReference; lastKnownFileType = sourcecode.swift; path = RepositoryDetail.swift; sourceTree = "<group>"; };
		8542952D2431962D00A269DD /* README.md */ = {isa = PBXFileReference; lastKnownFileType = net.daringfireball.markdown; path = README.md; sourceTree = "<group>"; };
/* End PBXFileReference section */

/* Begin PBXFrameworksBuildPhase section */
		854295012431839800A269DD /* Frameworks */ = {
			isa = PBXFrameworksBuildPhase;
			buildActionMask = 2147483647;
			files = (
				A2E5E4C22D632D7E00DD4CE5 /* Alamofire in Frameworks */,
				A2E5E4C42D632D7E00DD4CE5 /* AlamofireDynamic in Frameworks */,
			);
			runOnlyForDeploymentPostprocessing = 0;
		};
/* End PBXFrameworksBuildPhase section */

/* Begin PBXGroup section */
		854294FB2431839800A269DD = {
			isa = PBXGroup;
			children = (
				8542952D2431962D00A269DD /* README.md */,
				854295062431839800A269DD /* SwiftRepos */,
				854295052431839800A269DD /* Products */,
			);
			sourceTree = "<group>";
		};
		854295052431839800A269DD /* Products */ = {
			isa = PBXGroup;
			children = (
				854295042431839800A269DD /* SwiftRepos.app */,
			);
			name = Products;
			sourceTree = "<group>";
		};
		854295062431839800A269DD /* SwiftRepos */ = {
			isa = PBXGroup;
			children = (
				8542951B2431840200A269DD /* Delegates */,
				8542951D2431843D00A269DD /* Models */,
				8542952624318B2500A269DD /* View Model */,
				8542951C2431841800A269DD /* Views */,
				8542950D2431839E00A269DD /* Assets.xcassets */,
				854295152431839E00A269DD /* Info.plist */,
				8542950F2431839E00A269DD /* Preview Content */,
			);
			path = SwiftRepos;
			sourceTree = "<group>";
		};
		8542950F2431839E00A269DD /* Preview Content */ = {
			isa = PBXGroup;
			children = (
				854295102431839E00A269DD /* Preview Assets.xcassets */,
			);
			path = "Preview Content";
			sourceTree = "<group>";
		};
		8542951B2431840200A269DD /* Delegates */ = {
			isa = PBXGroup;
			children = (
				854295072431839800A269DD /* AppDelegate.swift */,
				854295092431839800A269DD /* SceneDelegate.swift */,
			);
			path = Delegates;
			sourceTree = "<group>";
		};
		8542951C2431841800A269DD /* Views */ = {
			isa = PBXGroup;
			children = (
				8542950B2431839800A269DD /* ContentView.swift */,
				8542952924318C9B00A269DD /* RepositoryRow.swift */,
				8542952B24318CA400A269DD /* RepositoryDetail.swift */,
				854295122431839E00A269DD /* LaunchScreen.storyboard */,
			);
			path = Views;
			sourceTree = "<group>";
		};
		8542951D2431843D00A269DD /* Models */ = {
			isa = PBXGroup;
			children = (
				8542952424318AE300A269DD /* Parser.swift */,
				8542951E2431844800A269DD /* Repository.swift */,
			);
			path = Models;
			sourceTree = "<group>";
		};
		8542952624318B2500A269DD /* View Model */ = {
			isa = PBXGroup;
			children = (
				8542952724318B3C00A269DD /* ViewModel.swift */,
			);
			path = "View Model";
			sourceTree = "<group>";
		};
/* End PBXGroup section */

/* Begin PBXNativeTarget section */
		854295032431839800A269DD /* SwiftRepos */ = {
			isa = PBXNativeTarget;
			buildConfigurationList = 854295182431839E00A269DD /* Build configuration list for PBXNativeTarget "SwiftRepos" */;
			buildPhases = (
				854295002431839800A269DD /* Sources */,
				854295012431839800A269DD /* Frameworks */,
				854295022431839800A269DD /* Resources */,
			);
			buildRules = (
			);
			dependencies = (
			);
			name = SwiftRepos;
			productName = SwiftRepos;
			productReference = 854295042431839800A269DD /* SwiftRepos.app */;
			productType = "com.apple.product-type.application";
		};
/* End PBXNativeTarget section */

/* Begin PBXProject section */
		854294FC2431839800A269DD /* Project object */ = {
			isa = PBXProject;
			attributes = {
				LastSwiftUpdateCheck = 1140;
				LastUpgradeCheck = 1140;
				ORGANIZATIONNAME = "Steph K. Ananth";
				TargetAttributes = {
					854295032431839800A269DD = {
						CreatedOnToolsVersion = 11.4;
					};
				};
			};
			buildConfigurationList = 854294FF2431839800A269DD /* Build configuration list for PBXProject "SwiftRepos" */;
			compatibilityVersion = "Xcode 9.3";
			developmentRegion = en;
			hasScannedForEncodings = 0;
			knownRegions = (
				en,
				Base,
			);
			mainGroup = 854294FB2431839800A269DD;
			packageReferences = (
				A2E5E4C02D632D7E00DD4CE5 /* XCRemoteSwiftPackageReference "Alamofire" */,
			);
			productRefGroup = 854295052431839800A269DD /* Products */;
			projectDirPath = "";
			projectRoot = "";
			targets = (
				854295032431839800A269DD /* SwiftRepos */,
			);
		};
/* End PBXProject section */

/* Begin PBXResourcesBuildPhase section */
		854295022431839800A269DD /* Resources */ = {
			isa = PBXResourcesBuildPhase;
			buildActionMask = 2147483647;
			files = (
				854295142431839E00A269DD /* LaunchScreen.storyboard in Resources */,
				854295112431839E00A269DD /* Preview Assets.xcassets in Resources */,
				8542950E2431839E00A269DD /* Assets.xcassets in Resources */,
			);
			runOnlyForDeploymentPostprocessing = 0;
		};
/* End PBXResourcesBuildPhase section */

/* Begin PBXSourcesBuildPhase section */
		854295002431839800A269DD /* Sources */ = {
			isa = PBXSourcesBuildPhase;
			buildActionMask = 2147483647;
			files = (
				854295082431839800A269DD /* AppDelegate.swift in Sources */,
				8542952A24318C9B00A269DD /* RepositoryRow.swift in Sources */,
				8542952524318AE300A269DD /* Parser.swift in Sources */,
				8542950A2431839800A269DD /* SceneDelegate.swift in Sources */,
				8542952C24318CA400A269DD /* RepositoryDetail.swift in Sources */,
				8542950C2431839800A269DD /* ContentView.swift in Sources */,
				8542951F2431844800A269DD /* Repository.swift in Sources */,
				8542952824318B3C00A269DD /* ViewModel.swift in Sources */,
			);
			runOnlyForDeploymentPostprocessing = 0;
		};
/* End PBXSourcesBuildPhase section */

/* Begin PBXVariantGroup section */
		854295122431839E00A269DD /* LaunchScreen.storyboard */ = {
			isa = PBXVariantGroup;
			children = (
				854295132431839E00A269DD /* Base */,
			);
			name = LaunchScreen.storyboard;
			sourceTree = "<group>";
		};
/* End PBXVariantGroup section */

/* Begin XCBuildConfiguration section */
		854295162431839E00A269DD /* Debug */ = {
			isa = XCBuildConfiguration;
			buildSettings = {
				ALWAYS_SEARCH_USER_PATHS = NO;
				CLANG_ANALYZER_NONNULL = YES;
				CLANG_ANALYZER_NUMBER_OBJECT_CONVERSION = YES_AGGRESSIVE;
				CLANG_CXX_LANGUAGE_STANDARD = "gnu++14";
				CLANG_CXX_LIBRARY = "libc++";
				CLANG_ENABLE_MODULES = YES;
				CLANG_ENABLE_OBJC_ARC = YES;
				CLANG_ENABLE_OBJC_WEAK = YES;
				CLANG_WARN_BLOCK_CAPTURE_AUTORELEASING = YES;
				CLANG_WARN_BOOL_CONVERSION = YES;
				CLANG_WARN_COMMA = YES;
				CLANG_WARN_CONSTANT_CONVERSION = YES;
				CLANG_WARN_DEPRECATED_OBJC_IMPLEMENTATIONS = YES;
				CLANG_WARN_DIRECT_OBJC_ISA_USAGE = YES_ERROR;
				CLANG_WARN_DOCUMENTATION_COMMENTS = YES;
				CLANG_WARN_EMPTY_BODY = YES;
				CLANG_WARN_ENUM_CONVERSION = YES;
				CLANG_WARN_INFINITE_RECURSION = YES;
				CLANG_WARN_INT_CONVERSION = YES;
				CLANG_WARN_NON_LITERAL_NULL_CONVERSION = YES;
				CLANG_WARN_OBJC_IMPLICIT_RETAIN_SELF = YES;
				CLANG_WARN_OBJC_LITERAL_CONVERSION = YES;
				CLANG_WARN_OBJC_ROOT_CLASS = YES_ERROR;
				CLANG_WARN_RANGE_LOOP_ANALYSIS = YES;
				CLANG_WARN_STRICT_PROTOTYPES = YES;
				CLANG_WARN_SUSPICIOUS_MOVE = YES;
				CLANG_WARN_UNGUARDED_AVAILABILITY = YES_AGGRESSIVE;
				CLANG_WARN_UNREACHABLE_CODE = YES;
				CLANG_WARN__DUPLICATE_METHOD_MATCH = YES;
				COPY_PHASE_STRIP = NO;
				DEBUG_INFORMATION_FORMAT = dwarf;
				ENABLE_STRICT_OBJC_MSGSEND = YES;
				ENABLE_TESTABILITY = YES;
				GCC_C_LANGUAGE_STANDARD = gnu11;
				GCC_DYNAMIC_NO_PIC = NO;
				GCC_NO_COMMON_BLOCKS = YES;
				GCC_OPTIMIZATION_LEVEL = 0;
				GCC_PREPROCESSOR_DEFINITIONS = (
					"DEBUG=1",
					"$(inherited)",
				);
				GCC_WARN_64_TO_32_BIT_CONVERSION = YES;
				GCC_WARN_ABOUT_RETURN_TYPE = YES_ERROR;
				GCC_WARN_UNDECLARED_SELECTOR = YES;
				GCC_WARN_UNINITIALIZED_AUTOS = YES_AGGRESSIVE;
				GCC_WARN_UNUSED_FUNCTION = YES;
				GCC_WARN_UNUSED_VARIABLE = YES;
				IPHONEOS_DEPLOYMENT_TARGET = 13.4;
				MTL_ENABLE_DEBUG_INFO = INCLUDE_SOURCE;
				MTL_FAST_MATH = YES;
				ONLY_ACTIVE_ARCH = YES;
				SDKROOT = iphoneos;
				SWIFT_ACTIVE_COMPILATION_CONDITIONS = DEBUG;
				SWIFT_OPTIMIZATION_LEVEL = "-Onone";
			};
			name = Debug;
		};
		854295172431839E00A269DD /* Release */ = {
			isa = XCBuildConfiguration;
			buildSettings = {
				ALWAYS_SEARCH_USER_PATHS = NO;
				CLANG_ANALYZER_NONNULL = YES;
				CLANG_ANALYZER_NUMBER_OBJECT_CONVERSION = YES_AGGRESSIVE;
				CLANG_CXX_LANGUAGE_STANDARD = "gnu++14";
				CLANG_CXX_LIBRARY = "libc++";
				CLANG_ENABLE_MODULES = YES;
				CLANG_ENABLE_OBJC_ARC = YES;
				CLANG_ENABLE_OBJC_WEAK = YES;
				CLANG_WARN_BLOCK_CAPTURE_AUTORELEASING = YES;
				CLANG_WARN_BOOL_CONVERSION = YES;
				CLANG_WARN_COMMA = YES;
				CLANG_WARN_CONSTANT_CONVERSION = YES;
				CLANG_WARN_DEPRECATED_OBJC_IMPLEMENTATIONS = YES;
				CLANG_WARN_DIRECT_OBJC_ISA_USAGE = YES_ERROR;
				CLANG_WARN_DOCUMENTATION_COMMENTS = YES;
				CLANG_WARN_EMPTY_BODY = YES;
				CLANG_WARN_ENUM_CONVERSION = YES;
				CLANG_WARN_INFINITE_RECURSION = YES;
				CLANG_WARN_INT_CONVERSION = YES;
				CLANG_WARN_NON_LITERAL_NULL_CONVERSION = YES;
				CLANG_WARN_OBJC_IMPLICIT_RETAIN_SELF = YES;
				CLANG_WARN_OBJC_LITERAL_CONVERSION = YES;
				CLANG_WARN_OBJC_ROOT_CLASS = YES_ERROR;
				CLANG_WARN_RANGE_LOOP_ANALYSIS = YES;
				CLANG_WARN_STRICT_PROTOTYPES = YES;
				CLANG_WARN_SUSPICIOUS_MOVE = YES;
				CLANG_WARN_UNGUARDED_AVAILABILITY = YES_AGGRESSIVE;
				CLANG_WARN_UNREACHABLE_CODE = YES;
				CLANG_WARN__DUPLICATE_METHOD_MATCH = YES;
				COPY_PHASE_STRIP = NO;
				DEBUG_INFORMATION_FORMAT = "dwarf-with-dsym";
				ENABLE_NS_ASSERTIONS = NO;
				ENABLE_STRICT_OBJC_MSGSEND = YES;
				GCC_C_LANGUAGE_STANDARD = gnu11;
				GCC_NO_COMMON_BLOCKS = YES;
				GCC_WARN_64_TO_32_BIT_CONVERSION = YES;
				GCC_WARN_ABOUT_RETURN_TYPE = YES_ERROR;
				GCC_WARN_UNDECLARED_SELECTOR = YES;
				GCC_WARN_UNINITIALIZED_AUTOS = YES_AGGRESSIVE;
				GCC_WARN_UNUSED_FUNCTION = YES;
				GCC_WARN_UNUSED_VARIABLE = YES;
				IPHONEOS_DEPLOYMENT_TARGET = 13.4;
				MTL_ENABLE_DEBUG_INFO = NO;
				MTL_FAST_MATH = YES;
				SDKROOT = iphoneos;
				SWIFT_COMPILATION_MODE = wholemodule;
				SWIFT_OPTIMIZATION_LEVEL = "-O";
				VALIDATE_PRODUCT = YES;
			};
			name = Release;
		};
		854295192431839E00A269DD /* Debug */ = {
			isa = XCBuildConfiguration;
			buildSettings = {
				ASSETCATALOG_COMPILER_APPICON_NAME = AppIcon;
				CODE_SIGN_STYLE = Automatic;
				DEVELOPMENT_ASSET_PATHS = "\"SwiftRepos/Preview Content\"";
				DEVELOPMENT_TEAM = 9322UFZ9MA;
				ENABLE_PREVIEWS = YES;
				INFOPLIST_FILE = SwiftRepos/Info.plist;
				LD_RUNPATH_SEARCH_PATHS = (
					"$(inherited)",
					"@executable_path/Frameworks",
				);
				PRODUCT_BUNDLE_IDENTIFIER = StephKAnanth.SwiftRepos;
				PRODUCT_NAME = "$(TARGET_NAME)";
				SWIFT_VERSION = 5.0;
				TARGETED_DEVICE_FAMILY = "1,2";
			};
			name = Debug;
		};
		8542951A2431839E00A269DD /* Release */ = {
			isa = XCBuildConfiguration;
			buildSettings = {
				ASSETCATALOG_COMPILER_APPICON_NAME = AppIcon;
				CODE_SIGN_STYLE = Automatic;
				DEVELOPMENT_ASSET_PATHS = "\"SwiftRepos/Preview Content\"";
				DEVELOPMENT_TEAM = 9322UFZ9MA;
				ENABLE_PREVIEWS = YES;
				INFOPLIST_FILE = SwiftRepos/Info.plist;
				LD_RUNPATH_SEARCH_PATHS = (
					"$(inherited)",
					"@executable_path/Frameworks",
				);
				PRODUCT_BUNDLE_IDENTIFIER = StephKAnanth.SwiftRepos;
				PRODUCT_NAME = "$(TARGET_NAME)";
				SWIFT_VERSION = 5.0;
				TARGETED_DEVICE_FAMILY = "1,2";
			};
			name = Release;
		};
/* End XCBuildConfiguration section */

/* Begin XCConfigurationList section */
		854294FF2431839800A269DD /* Build configuration list for PBXProject "SwiftRepos" */ = {
			isa = XCConfigurationList;
			buildConfigurations = (
				854295162431839E00A269DD /* Debug */,
				854295172431839E00A269DD /* Release */,
			);
			defaultConfigurationIsVisible = 0;
			defaultConfigurationName = Release;
		};
		854295182431839E00A269DD /* Build configuration list for PBXNativeTarget "SwiftRepos" */ = {
			isa = XCConfigurationList;
			buildConfigurations = (
				854295192431839E00A269DD /* Debug */,
				8542951A2431839E00A269DD /* Release */,
			);
			defaultConfigurationIsVisible = 0;
			defaultConfigurationName = Release;
		};
/* End XCConfigurationList section */

/* Begin XCRemoteSwiftPackageReference section */
		A2E5E4C02D632D7E00DD4CE5 /* XCRemoteSwiftPackageReference "Alamofire" */ = {
			isa = XCRemoteSwiftPackageReference;
			repositoryURL = "https://github.com/Alamofire/Alamofire.git";
			requirement = {
				kind = upToNextMajorVersion;
				minimumVersion = 5.10.2;
			};
		};
/* End XCRemoteSwiftPackageReference section */

/* Begin XCSwiftPackageProductDependency section */
		A2E5E4C12D632D7E00DD4CE5 /* Alamofire */ = {
			isa = XCSwiftPackageProductDependency;
			package = A2E5E4C02D632D7E00DD4CE5 /* XCRemoteSwiftPackageReference "Alamofire" */;
			productName = Alamofire;
		};
		A2E5E4C32D632D7E00DD4CE5 /* AlamofireDynamic */ = {
			isa = XCSwiftPackageProductDependency;
			package = A2E5E4C02D632D7E00DD4CE5 /* XCRemoteSwiftPackageReference "Alamofire" */;
			productName = AlamofireDynamic;
		};
/* End XCSwiftPackageProductDependency section */
	};
	rootObject = 854294FC2431839800A269DD /* Project object */;
}
